
Microsoft Visual Studio Solution File, Format Version 12.00
# Visual Studio Version 16
VisualStudioVersion = 16.0.29613.14
MinimumVisualStudioVersion = 10.0.40219.1
Project("{FAE04EC0-301F-11D3-BF4B-00C04F79EFBC}") = "FinalProjectAplicada2", "FinalProjectAplicada2.csproj", "{7CD2C1D5-7842-4853-A7A1-F2ECD820E557}"
EndProject
Global
	GlobalSection(SolutionConfigurationPlatforms) = preSolution
		Debug|Any CPU = Debug|Any CPU
		Release|Any CPU = Release|Any CPU
	EndGlobalSection
	GlobalSection(ProjectConfigurationPlatforms) = postSolution
		{7CD2C1D5-7842-4853-A7A1-F2ECD820E557}.Debug|Any CPU.ActiveCfg = Debug|Any CPU
		{7CD2C1D5-7842-4853-A7A1-F2ECD820E557}.Debug|Any CPU.Build.0 = Debug|Any CPU
		{7CD2C1D5-7842-4853-A7A1-F2ECD820E557}.Release|Any CPU.ActiveCfg = Release|Any CPU
		{7CD2C1D5-7842-4853-A7A1-F2ECD820E557}.Release|Any CPU.Build.0 = Release|Any CPU
	EndGlobalSection
	GlobalSection(SolutionProperties) = preSolution
		HideSolutionNode = FALSE
	EndGlobalSection
	GlobalSection(ExtensibilityGlobals) = postSolution
		SolutionGuid = {38993489-1639-4B71-96EE-4AA5FE6774D7}
	EndGlobalSection
EndGlobal
